
Microsoft Visual Studio Solution File, Format Version 12.00
# Visual Studio Version 16
VisualStudioVersion = 16.0.29519.181
MinimumVisualStudioVersion = 10.0.40219.1
Project("{FAE04EC0-301F-11D3-BF4B-00C04F79EFBC}") = "git_sync", "git_sync\git_sync.csproj", "{CBC77D50-D04B-4B7D-80D9-725CC43CD81B}"
EndProject
Global
	GlobalSection(SolutionConfigurationPlatforms) = preSolution
		Debug|Any CPU = Debug|Any CPU
		Release|Any CPU = Release|Any CPU
	EndGlobalSection
	GlobalSection(ProjectConfigurationPlatforms) = postSolution
		{CBC77D50-D04B-4B7D-80D9-725CC43CD81B}.Debug|Any CPU.ActiveCfg = Debug|Any CPU
		{CBC77D50-D04B-4B7D-80D9-725CC43CD81B}.Debug|Any CPU.Build.0 = Debug|Any CPU
		{CBC77D50-D04B-4B7D-80D9-725CC43CD81B}.Release|Any CPU.ActiveCfg = Release|Any CPU
		{CBC77D50-D04B-4B7D-80D9-725CC43CD81B}.Release|Any CPU.Build.0 = Release|Any CPU
	EndGlobalSection
	GlobalSection(SolutionProperties) = preSolution
		HideSolutionNode = FALSE
	EndGlobalSection
	GlobalSection(ExtensibilityGlobals) = postSolution
		SolutionGuid = {E639C8E9-F723-42EE-8813-FB0E54FF9A37}
	EndGlobalSection
EndGlobal
